
Microsoft Visual Studio Solution File, Format Version 12.00
# Visual Studio Version 16
VisualStudioVersion = 16.0.30717.126
MinimumVisualStudioVersion = 10.0.40219.1
Project("{9A19103F-16F7-4668-BE54-9A1E7A4F7556}") = "EcadTeste.Api", "..\EcadTeste.Api\EcadTeste.Api.csproj", "{E77C74CA-B727-4DD7-888D-25B934274DE9}"
EndProject
Project("{9A19103F-16F7-4668-BE54-9A1E7A4F7556}") = "EcadTeste.Domain", "..\EcadTeste.Domain\EcadTeste.Domain.csproj", "{AB542E39-39E5-4AB7-8C29-A7D161345192}"
EndProject
Project("{9A19103F-16F7-4668-BE54-9A1E7A4F7556}") = "EcadTeste.Infra.Data", "..\EcadTeste.Infra.Data\EcadTeste.Infra.Data.csproj", "{0148A543-0829-4B58-BD69-8898C01C160A}"
EndProject
Project("{9A19103F-16F7-4668-BE54-9A1E7A4F7556}") = "EcadTeste.Service", "..\EcadTeste.Service\EcadTeste.Service.csproj", "{E128B917-452F-401C-8114-B58EF473E03A}"
EndProject
Project("{9A19103F-16F7-4668-BE54-9A1E7A4F7556}") = "EcadTeste.Infra.IoC", "..\EcadTeste.Infra.IoC\EcadTeste.Infra.IoC.csproj", "{D6F7574D-9CD6-4C6C-970F-070FF7845231}"
EndProject
Project("{2150E333-8FDC-42A3-9474-1A3956D46DE8}") = "1 - Application", "1 - Application", "{75530006-A7B9-4D24-ABA8-FC1A42E6B66D}"
EndProject
Project("{2150E333-8FDC-42A3-9474-1A3956D46DE8}") = "0 - Presentation", "0 - Presentation", "{9775A34B-603F-431B-9FF7-0D0F8A846DEB}"
EndProject
Project("{2150E333-8FDC-42A3-9474-1A3956D46DE8}") = "2 - Domain", "2 - Domain", "{7818A15B-6E21-440F-82B7-D94699C742D0}"
EndProject
Project("{2150E333-8FDC-42A3-9474-1A3956D46DE8}") = "3 - Service", "3 - Service", "{066687CF-B90C-4B44-BA74-23D957AC03FB}"
EndProject
Project("{2150E333-8FDC-42A3-9474-1A3956D46DE8}") = "4 - Infra", "4 - Infra", "{ED17FBA9-50D1-4A04-B199-592195BE84E5}"
EndProject
Global
	GlobalSection(SolutionConfigurationPlatforms) = preSolution
		Debug|Any CPU = Debug|Any CPU
		Release|Any CPU = Release|Any CPU
	EndGlobalSection
	GlobalSection(ProjectConfigurationPlatforms) = postSolution
		{E77C74CA-B727-4DD7-888D-25B934274DE9}.Debug|Any CPU.ActiveCfg = Debug|Any CPU
		{E77C74CA-B727-4DD7-888D-25B934274DE9}.Debug|Any CPU.Build.0 = Debug|Any CPU
		{E77C74CA-B727-4DD7-888D-25B934274DE9}.Release|Any CPU.ActiveCfg = Release|Any CPU
		{E77C74CA-B727-4DD7-888D-25B934274DE9}.Release|Any CPU.Build.0 = Release|Any CPU
		{AB542E39-39E5-4AB7-8C29-A7D161345192}.Debug|Any CPU.ActiveCfg = Debug|Any CPU
		{AB542E39-39E5-4AB7-8C29-A7D161345192}.Debug|Any CPU.Build.0 = Debug|Any CPU
		{AB542E39-39E5-4AB7-8C29-A7D161345192}.Release|Any CPU.ActiveCfg = Release|Any CPU
		{AB542E39-39E5-4AB7-8C29-A7D161345192}.Release|Any CPU.Build.0 = Release|Any CPU
		{0148A543-0829-4B58-BD69-8898C01C160A}.Debug|Any CPU.ActiveCfg = Debug|Any CPU
		{0148A543-0829-4B58-BD69-8898C01C160A}.Debug|Any CPU.Build.0 = Debug|Any CPU
		{0148A543-0829-4B58-BD69-8898C01C160A}.Release|Any CPU.ActiveCfg = Release|Any CPU
		{0148A543-0829-4B58-BD69-8898C01C160A}.Release|Any CPU.Build.0 = Release|Any CPU
		{E128B917-452F-401C-8114-B58EF473E03A}.Debug|Any CPU.ActiveCfg = Debug|Any CPU
		{E128B917-452F-401C-8114-B58EF473E03A}.Debug|Any CPU.Build.0 = Debug|Any CPU
		{E128B917-452F-401C-8114-B58EF473E03A}.Release|Any CPU.ActiveCfg = Release|Any CPU
		{E128B917-452F-401C-8114-B58EF473E03A}.Release|Any CPU.Build.0 = Release|Any CPU
		{D6F7574D-9CD6-4C6C-970F-070FF7845231}.Debug|Any CPU.ActiveCfg = Debug|Any CPU
		{D6F7574D-9CD6-4C6C-970F-070FF7845231}.Debug|Any CPU.Build.0 = Debug|Any CPU
		{D6F7574D-9CD6-4C6C-970F-070FF7845231}.Release|Any CPU.ActiveCfg = Release|Any CPU
		{D6F7574D-9CD6-4C6C-970F-070FF7845231}.Release|Any CPU.Build.0 = Release|Any CPU
	EndGlobalSection
	GlobalSection(SolutionProperties) = preSolution
		HideSolutionNode = FALSE
	EndGlobalSection
	GlobalSection(NestedProjects) = preSolution
		{E77C74CA-B727-4DD7-888D-25B934274DE9} = {9775A34B-603F-431B-9FF7-0D0F8A846DEB}
		{AB542E39-39E5-4AB7-8C29-A7D161345192} = {7818A15B-6E21-440F-82B7-D94699C742D0}
		{0148A543-0829-4B58-BD69-8898C01C160A} = {ED17FBA9-50D1-4A04-B199-592195BE84E5}
		{E128B917-452F-401C-8114-B58EF473E03A} = {066687CF-B90C-4B44-BA74-23D957AC03FB}
		{D6F7574D-9CD6-4C6C-970F-070FF7845231} = {ED17FBA9-50D1-4A04-B199-592195BE84E5}
	EndGlobalSection
	GlobalSection(ExtensibilityGlobals) = postSolution
		SolutionGuid = {0C3C9CF0-C95B-4C42-BB5B-B0893D9DBEE4}
	EndGlobalSection
EndGlobal
