
Microsoft Visual Studio Solution File, Format Version 12.00
# Visual Studio Version 16
VisualStudioVersion = 16.0.30717.126
MinimumVisualStudioVersion = 10.0.40219.1
Project("{FAE04EC0-301F-11D3-BF4B-00C04F79EFBC}") = "EcadTeste.Api", "..\EcadTeste.Api\EcadTeste.Api.csproj", "{E77C74CA-B727-4DD7-888D-25B934274DE9}"
EndProject
Project("{FAE04EC0-301F-11D3-BF4B-00C04F79EFBC}") = "EcadTeste.Domain", "..\EcadTeste.Domain\EcadTeste.Domain.csproj", "{AB542E39-39E5-4AB7-8C29-A7D161345192}"
EndProject
Project("{FAE04EC0-301F-11D3-BF4B-00C04F79EFBC}") = "EcadTeste.Infra.Data", "..\EcadTeste.Infra.Data\EcadTeste.Infra.Data.csproj", "{0148A543-0829-4B58-BD69-8898C01C160A}"
EndProject
Project("{FAE04EC0-301F-11D3-BF4B-00C04F79EFBC}") = "EcadTeste.Service", "..\EcadTeste.Service\EcadTeste.Service.csproj", "{E128B917-452F-401C-8114-B58EF473E03A}"
EndProject
Project("{FAE04EC0-301F-11D3-BF4B-00C04F79EFBC}") = "EcadTeste.Infra.IoC", "..\EcadTeste.Infra.IoC\EcadTeste.Infra.IoC.csproj", "{D6F7574D-9CD6-4C6C-970F-070FF7845231}"
EndProject
Global
	GlobalSection(SolutionConfigurationPlatforms) = preSolution
		Debug|Any CPU = Debug|Any CPU
		Release|Any CPU = Release|Any CPU
	EndGlobalSection
	GlobalSection(ProjectConfigurationPlatforms) = postSolution
		{E77C74CA-B727-4DD7-888D-25B934274DE9}.Debug|Any CPU.ActiveCfg = Debug|Any CPU
		{E77C74CA-B727-4DD7-888D-25B934274DE9}.Debug|Any CPU.Build.0 = Debug|Any CPU
		{E77C74CA-B727-4DD7-888D-25B934274DE9}.Release|Any CPU.ActiveCfg = Release|Any CPU
		{E77C74CA-B727-4DD7-888D-25B934274DE9}.Release|Any CPU.Build.0 = Release|Any CPU
		{AB542E39-39E5-4AB7-8C29-A7D161345192}.Debug|Any CPU.ActiveCfg = Debug|Any CPU
		{AB542E39-39E5-4AB7-8C29-A7D161345192}.Debug|Any CPU.Build.0 = Debug|Any CPU
		{AB542E39-39E5-4AB7-8C29-A7D161345192}.Release|Any CPU.ActiveCfg = Release|Any CPU
		{AB542E39-39E5-4AB7-8C29-A7D161345192}.Release|Any CPU.Build.0 = Release|Any CPU
		{0148A543-0829-4B58-BD69-8898C01C160A}.Debug|Any CPU.ActiveCfg = Debug|Any CPU
		{0148A543-0829-4B58-BD69-8898C01C160A}.Debug|Any CPU.Build.0 = Debug|Any CPU
		{0148A543-0829-4B58-BD69-8898C01C160A}.Release|Any CPU.ActiveCfg = Release|Any CPU
		{0148A543-0829-4B58-BD69-8898C01C160A}.Release|Any CPU.Build.0 = Release|Any CPU
		{E128B917-452F-401C-8114-B58EF473E03A}.Debug|Any CPU.ActiveCfg = Debug|Any CPU
		{E128B917-452F-401C-8114-B58EF473E03A}.Debug|Any CPU.Build.0 = Debug|Any CPU
		{E128B917-452F-401C-8114-B58EF473E03A}.Release|Any CPU.ActiveCfg = Release|Any CPU
		{E128B917-452F-401C-8114-B58EF473E03A}.Release|Any CPU.Build.0 = Release|Any CPU
		{D6F7574D-9CD6-4C6C-970F-070FF7845231}.Debug|Any CPU.ActiveCfg = Debug|Any CPU
		{D6F7574D-9CD6-4C6C-970F-070FF7845231}.Debug|Any CPU.Build.0 = Debug|Any CPU
		{D6F7574D-9CD6-4C6C-970F-070FF7845231}.Release|Any CPU.ActiveCfg = Release|Any CPU
		{D6F7574D-9CD6-4C6C-970F-070FF7845231}.Release|Any CPU.Build.0 = Release|Any CPU
	EndGlobalSection
	GlobalSection(SolutionProperties) = preSolution
		HideSolutionNode = FALSE
	EndGlobalSection
	GlobalSection(ExtensibilityGlobals) = postSolution
		SolutionGuid = {0C3C9CF0-C95B-4C42-BB5B-B0893D9DBEE4}
	EndGlobalSection
EndGlobal
